
Microsoft Visual Studio Solution File, Format Version 12.00
# Visual Studio Version 16
VisualStudioVersion = 16.0.30717.126
MinimumVisualStudioVersion = 10.0.40219.1
Project("{2150E333-8FDC-42A3-9474-1A3956D46DE8}") = "UI", "UI", "{44E789FC-59E3-48DF-84B6-876EBB085A54}"
EndProject
Project("{FAE04EC0-301F-11D3-BF4B-00C04F79EFBC}") = "BOA.Connector.Banking", "BOA.Connector.Banking\BOA.Connector.Banking.csproj", "{42F42E56-1676-496A-8B5C-9356A1BA3834}"
EndProject
Project("{FAE04EC0-301F-11D3-BF4B-00C04F79EFBC}") = "BOA.Types.Banking", "BOA.Types.Banking\BOA.Types.Banking.csproj", "{DCF4BC5A-9FF1-4398-8233-A95EF2302AED}"
EndProject
Project("{FAE04EC0-301F-11D3-BF4B-00C04F79EFBC}") = "BOA.Process.Banking", "BOA.Process.Banking\BOA.Process.Banking.csproj", "{6DC1CEBA-6D54-4E66-B838-592B042D6209}"
EndProject
Project("{FAE04EC0-301F-11D3-BF4B-00C04F79EFBC}") = "BOA.Business.Banking", "BOA.Business.Banking\BOA.Business.Banking.csproj", "{34917293-1295-49BB-8074-57546EB0169E}"
EndProject
Project("{FAE04EC0-301F-11D3-BF4B-00C04F79EFBC}") = "BOA.UI.Banking.Portal", "UI\BOA.UI.Banking.Customer\BOA.UI.Banking.Portal.csproj", "{8D493C62-DA5D-405D-A003-94003C62A18C}"
EndProject
Project("{FAE04EC0-301F-11D3-BF4B-00C04F79EFBC}") = "BOA.UI.Banking.Login", "UI\BOA.UI.Banking.UserLogin\BOA.UI.Banking.Login.csproj", "{5FB7D74D-9D21-4253-A3AD-3559A176A392}"
EndProject
Project("{FAE04EC0-301F-11D3-BF4B-00C04F79EFBC}") = "BOA.UI.Banking.CustomerList", "UI\BOA.UI.Banking.UserPortal\BOA.UI.Banking.CustomerList.csproj", "{D90D46DE-3B6B-4034-8AFE-C2C8D834926B}"
EndProject
Project("{FAE04EC0-301F-11D3-BF4B-00C04F79EFBC}") = "BOA.UI.Banking.CustomerAdd", "UI\BOA.UI.Banking.CustomerAdd\BOA.UI.Banking.CustomerAdd.csproj", "{B5F188AA-67AA-4673-B207-42CF9E25AA0D}"
EndProject
Project("{FAE04EC0-301F-11D3-BF4B-00C04F79EFBC}") = "BOA.UI.Banking.CustomerAddressWindow", "UI\BOA.UI.Banking.CustomerAddress\BOA.UI.Banking.CustomerAddressWindow.csproj", "{040EF2DA-C71F-4332-B1BE-E2DE88091CBC}"
EndProject
Project("{FAE04EC0-301F-11D3-BF4B-00C04F79EFBC}") = "BOA.UI.Banking.CustomerMailWindow", "UI\BOA.UI.Banking.CustomerMailWindow\BOA.UI.Banking.CustomerMailWindow.csproj", "{4E4F986E-11A9-4ACA-B357-817007C68B08}"
EndProject
Project("{FAE04EC0-301F-11D3-BF4B-00C04F79EFBC}") = "BOA.UI.Banking.CustomerPhoneWindow", "UI\BOA.UI.Banking.CustomerPhoneWindow\BOA.UI.Banking.CustomerPhoneWindow.csproj", "{BC6F7996-78CB-4698-969F-115D20F02501}"
EndProject
Project("{FAE04EC0-301F-11D3-BF4B-00C04F79EFBC}") = "BOA.UI.Banking.AccountAdd", "UI\BOA.UI.Banking.AccountAdd\BOA.UI.Banking.AccountAdd.csproj", "{4EC10570-CDC9-406F-B5B3-4CA31AA3293D}"
EndProject
Project("{FAE04EC0-301F-11D3-BF4B-00C04F79EFBC}") = "BOA.UI.Banking.AccountList", "UI\BOA.UI.Banking.AccountList\BOA.UI.Banking.AccountList.csproj", "{E835F508-10A4-4669-BAF2-5B6CE08CB978}"
EndProject
Project("{FAE04EC0-301F-11D3-BF4B-00C04F79EFBC}") = "BOA.UI.Banking.AccountPayment", "BOA.UI.Banking.AccountPayment\BOA.UI.Banking.AccountPayment.csproj", "{873E4E62-7615-4489-8DE6-C139824FF837}"
EndProject
Project("{FAE04EC0-301F-11D3-BF4B-00C04F79EFBC}") = "BOA.UI.Banking.AccountClose", "UI\BOA.UI.Banking.AccountClose\BOA.UI.Banking.AccountClose.csproj", "{E28120DC-E203-47DD-95B7-8B1E4CC86DF9}"
EndProject
Project("{FAE04EC0-301F-11D3-BF4B-00C04F79EFBC}") = "BOA.UI.Banking.PaymentList", "UI\BOA.UI.Banking.PaymentList\BOA.UI.Banking.PaymentList.csproj", "{12E75A7B-15CA-42D3-895B-C78CB3A26DAD}"
EndProject
Project("{FAE04EC0-301F-11D3-BF4B-00C04F79EFBC}") = "BOA.UI.Banking.AccountVirman", "UI\BOA.UI.Banking.AccountVirman\BOA.UI.Banking.AccountVirman.csproj", "{587EA506-DFE6-422F-8584-DEEAFE67AD55}"
EndProject
Project("{2150E333-8FDC-42A3-9474-1A3956D46DE8}") = "UserControls", "UserControls", "{AFAB77A6-30DD-437F-9FEB-0B9D5AE34BE2}"
EndProject
Project("{FAE04EC0-301F-11D3-BF4B-00C04F79EFBC}") = "UC.CustomerSelect", "UI\UserControls\UC.CustomerSelect\UC.CustomerSelect.csproj", "{9D74C28A-BDEB-46A7-B65E-3E717C2515AC}"
EndProject
Project("{FAE04EC0-301F-11D3-BF4B-00C04F79EFBC}") = "UC.AccountSelect", "UI\UserControls\UC.AccountSelect\UC.AccountSelect.csproj", "{144D84AA-388B-4F57-A109-42BBA5F7DBC1}"
EndProject
Project("{FAE04EC0-301F-11D3-BF4B-00C04F79EFBC}") = "BOA.UI.Banking.AccountTransfer", "UI\BOA.UI.Banking.AccountTransfer\BOA.UI.Banking.AccountTransfer.csproj", "{372E1EE6-A77F-403C-8F83-52418C2247E4}"
EndProject
Global
	GlobalSection(SolutionConfigurationPlatforms) = preSolution
		Debug|Any CPU = Debug|Any CPU
		Debug|ARM = Debug|ARM
		Debug|ARM64 = Debug|ARM64
		Debug|x64 = Debug|x64
		Debug|x86 = Debug|x86
		Release|Any CPU = Release|Any CPU
		Release|ARM = Release|ARM
		Release|ARM64 = Release|ARM64
		Release|x64 = Release|x64
		Release|x86 = Release|x86
	EndGlobalSection
	GlobalSection(ProjectConfigurationPlatforms) = postSolution
		{42F42E56-1676-496A-8B5C-9356A1BA3834}.Debug|Any CPU.ActiveCfg = Debug|Any CPU
		{42F42E56-1676-496A-8B5C-9356A1BA3834}.Debug|Any CPU.Build.0 = Debug|Any CPU
		{42F42E56-1676-496A-8B5C-9356A1BA3834}.Debug|ARM.ActiveCfg = Debug|Any CPU
		{42F42E56-1676-496A-8B5C-9356A1BA3834}.Debug|ARM.Build.0 = Debug|Any CPU
		{42F42E56-1676-496A-8B5C-9356A1BA3834}.Debug|ARM64.ActiveCfg = Debug|Any CPU
		{42F42E56-1676-496A-8B5C-9356A1BA3834}.Debug|ARM64.Build.0 = Debug|Any CPU
		{42F42E56-1676-496A-8B5C-9356A1BA3834}.Debug|x64.ActiveCfg = Debug|Any CPU
		{42F42E56-1676-496A-8B5C-9356A1BA3834}.Debug|x64.Build.0 = Debug|Any CPU
		{42F42E56-1676-496A-8B5C-9356A1BA3834}.Debug|x86.ActiveCfg = Debug|Any CPU
		{42F42E56-1676-496A-8B5C-9356A1BA3834}.Debug|x86.Build.0 = Debug|Any CPU
		{42F42E56-1676-496A-8B5C-9356A1BA3834}.Release|Any CPU.ActiveCfg = Release|Any CPU
		{42F42E56-1676-496A-8B5C-9356A1BA3834}.Release|Any CPU.Build.0 = Release|Any CPU
		{42F42E56-1676-496A-8B5C-9356A1BA3834}.Release|ARM.ActiveCfg = Release|Any CPU
		{42F42E56-1676-496A-8B5C-9356A1BA3834}.Release|ARM.Build.0 = Release|Any CPU
		{42F42E56-1676-496A-8B5C-9356A1BA3834}.Release|ARM64.ActiveCfg = Release|Any CPU
		{42F42E56-1676-496A-8B5C-9356A1BA3834}.Release|ARM64.Build.0 = Release|Any CPU
		{42F42E56-1676-496A-8B5C-9356A1BA3834}.Release|x64.ActiveCfg = Release|Any CPU
		{42F42E56-1676-496A-8B5C-9356A1BA3834}.Release|x64.Build.0 = Release|Any CPU
		{42F42E56-1676-496A-8B5C-9356A1BA3834}.Release|x86.ActiveCfg = Release|Any CPU
		{42F42E56-1676-496A-8B5C-9356A1BA3834}.Release|x86.Build.0 = Release|Any CPU
		{DCF4BC5A-9FF1-4398-8233-A95EF2302AED}.Debug|Any CPU.ActiveCfg = Debug|Any CPU
		{DCF4BC5A-9FF1-4398-8233-A95EF2302AED}.Debug|Any CPU.Build.0 = Debug|Any CPU
		{DCF4BC5A-9FF1-4398-8233-A95EF2302AED}.Debug|ARM.ActiveCfg = Debug|Any CPU
		{DCF4BC5A-9FF1-4398-8233-A95EF2302AED}.Debug|ARM.Build.0 = Debug|Any CPU
		{DCF4BC5A-9FF1-4398-8233-A95EF2302AED}.Debug|ARM64.ActiveCfg = Debug|Any CPU
		{DCF4BC5A-9FF1-4398-8233-A95EF2302AED}.Debug|ARM64.Build.0 = Debug|Any CPU
		{DCF4BC5A-9FF1-4398-8233-A95EF2302AED}.Debug|x64.ActiveCfg = Debug|Any CPU
		{DCF4BC5A-9FF1-4398-8233-A95EF2302AED}.Debug|x64.Build.0 = Debug|Any CPU
		{DCF4BC5A-9FF1-4398-8233-A95EF2302AED}.Debug|x86.ActiveCfg = Debug|Any CPU
		{DCF4BC5A-9FF1-4398-8233-A95EF2302AED}.Debug|x86.Build.0 = Debug|Any CPU
		{DCF4BC5A-9FF1-4398-8233-A95EF2302AED}.Release|Any CPU.ActiveCfg = Release|Any CPU
		{DCF4BC5A-9FF1-4398-8233-A95EF2302AED}.Release|Any CPU.Build.0 = Release|Any CPU
		{DCF4BC5A-9FF1-4398-8233-A95EF2302AED}.Release|ARM.ActiveCfg = Release|Any CPU
		{DCF4BC5A-9FF1-4398-8233-A95EF2302AED}.Release|ARM.Build.0 = Release|Any CPU
		{DCF4BC5A-9FF1-4398-8233-A95EF2302AED}.Release|ARM64.ActiveCfg = Release|Any CPU
		{DCF4BC5A-9FF1-4398-8233-A95EF2302AED}.Release|ARM64.Build.0 = Release|Any CPU
		{DCF4BC5A-9FF1-4398-8233-A95EF2302AED}.Release|x64.ActiveCfg = Release|Any CPU
		{DCF4BC5A-9FF1-4398-8233-A95EF2302AED}.Release|x64.Build.0 = Release|Any CPU
		{DCF4BC5A-9FF1-4398-8233-A95EF2302AED}.Release|x86.ActiveCfg = Release|Any CPU
		{DCF4BC5A-9FF1-4398-8233-A95EF2302AED}.Release|x86.Build.0 = Release|Any CPU
		{6DC1CEBA-6D54-4E66-B838-592B042D6209}.Debug|Any CPU.ActiveCfg = Debug|Any CPU
		{6DC1CEBA-6D54-4E66-B838-592B042D6209}.Debug|Any CPU.Build.0 = Debug|Any CPU
		{6DC1CEBA-6D54-4E66-B838-592B042D6209}.Debug|ARM.ActiveCfg = Debug|Any CPU
		{6DC1CEBA-6D54-4E66-B838-592B042D6209}.Debug|ARM.Build.0 = Debug|Any CPU
		{6DC1CEBA-6D54-4E66-B838-592B042D6209}.Debug|ARM64.ActiveCfg = Debug|Any CPU
		{6DC1CEBA-6D54-4E66-B838-592B042D6209}.Debug|ARM64.Build.0 = Debug|Any CPU
		{6DC1CEBA-6D54-4E66-B838-592B042D6209}.Debug|x64.ActiveCfg = Debug|Any CPU
		{6DC1CEBA-6D54-4E66-B838-592B042D6209}.Debug|x64.Build.0 = Debug|Any CPU
		{6DC1CEBA-6D54-4E66-B838-592B042D6209}.Debug|x86.ActiveCfg = Debug|Any CPU
		{6DC1CEBA-6D54-4E66-B838-592B042D6209}.Debug|x86.Build.0 = Debug|Any CPU
		{6DC1CEBA-6D54-4E66-B838-592B042D6209}.Release|Any CPU.ActiveCfg = Release|Any CPU
		{6DC1CEBA-6D54-4E66-B838-592B042D6209}.Release|Any CPU.Build.0 = Release|Any CPU
		{6DC1CEBA-6D54-4E66-B838-592B042D6209}.Release|ARM.ActiveCfg = Release|Any CPU
		{6DC1CEBA-6D54-4E66-B838-592B042D6209}.Release|ARM.Build.0 = Release|Any CPU
		{6DC1CEBA-6D54-4E66-B838-592B042D6209}.Release|ARM64.ActiveCfg = Release|Any CPU
		{6DC1CEBA-6D54-4E66-B838-592B042D6209}.Release|ARM64.Build.0 = Release|Any CPU
		{6DC1CEBA-6D54-4E66-B838-592B042D6209}.Release|x64.ActiveCfg = Release|Any CPU
		{6DC1CEBA-6D54-4E66-B838-592B042D6209}.Release|x64.Build.0 = Release|Any CPU
		{6DC1CEBA-6D54-4E66-B838-592B042D6209}.Release|x86.ActiveCfg = Release|Any CPU
		{6DC1CEBA-6D54-4E66-B838-592B042D6209}.Release|x86.Build.0 = Release|Any CPU
		{34917293-1295-49BB-8074-57546EB0169E}.Debug|Any CPU.ActiveCfg = Debug|Any CPU
		{34917293-1295-49BB-8074-57546EB0169E}.Debug|Any CPU.Build.0 = Debug|Any CPU
		{34917293-1295-49BB-8074-57546EB0169E}.Debug|ARM.ActiveCfg = Debug|Any CPU
		{34917293-1295-49BB-8074-57546EB0169E}.Debug|ARM.Build.0 = Debug|Any CPU
		{34917293-1295-49BB-8074-57546EB0169E}.Debug|ARM64.ActiveCfg = Debug|Any CPU
		{34917293-1295-49BB-8074-57546EB0169E}.Debug|ARM64.Build.0 = Debug|Any CPU
		{34917293-1295-49BB-8074-57546EB0169E}.Debug|x64.ActiveCfg = Debug|Any CPU
		{34917293-1295-49BB-8074-57546EB0169E}.Debug|x64.Build.0 = Debug|Any CPU
		{34917293-1295-49BB-8074-57546EB0169E}.Debug|x86.ActiveCfg = Debug|Any CPU
		{34917293-1295-49BB-8074-57546EB0169E}.Debug|x86.Build.0 = Debug|Any CPU
		{34917293-1295-49BB-8074-57546EB0169E}.Release|Any CPU.ActiveCfg = Release|Any CPU
		{34917293-1295-49BB-8074-57546EB0169E}.Release|Any CPU.Build.0 = Release|Any CPU
		{34917293-1295-49BB-8074-57546EB0169E}.Release|ARM.ActiveCfg = Release|Any CPU
		{34917293-1295-49BB-8074-57546EB0169E}.Release|ARM.Build.0 = Release|Any CPU
		{34917293-1295-49BB-8074-57546EB0169E}.Release|ARM64.ActiveCfg = Release|Any CPU
		{34917293-1295-49BB-8074-57546EB0169E}.Release|ARM64.Build.0 = Release|Any CPU
		{34917293-1295-49BB-8074-57546EB0169E}.Release|x64.ActiveCfg = Release|Any CPU
		{34917293-1295-49BB-8074-57546EB0169E}.Release|x64.Build.0 = Release|Any CPU
		{34917293-1295-49BB-8074-57546EB0169E}.Release|x86.ActiveCfg = Release|Any CPU
		{34917293-1295-49BB-8074-57546EB0169E}.Release|x86.Build.0 = Release|Any CPU
		{8D493C62-DA5D-405D-A003-94003C62A18C}.Debug|Any CPU.ActiveCfg = Debug|Any CPU
		{8D493C62-DA5D-405D-A003-94003C62A18C}.Debug|Any CPU.Build.0 = Debug|Any CPU
		{8D493C62-DA5D-405D-A003-94003C62A18C}.Debug|ARM.ActiveCfg = Debug|Any CPU
		{8D493C62-DA5D-405D-A003-94003C62A18C}.Debug|ARM.Build.0 = Debug|Any CPU
		{8D493C62-DA5D-405D-A003-94003C62A18C}.Debug|ARM64.ActiveCfg = Debug|Any CPU
		{8D493C62-DA5D-405D-A003-94003C62A18C}.Debug|ARM64.Build.0 = Debug|Any CPU
		{8D493C62-DA5D-405D-A003-94003C62A18C}.Debug|x64.ActiveCfg = Debug|Any CPU
		{8D493C62-DA5D-405D-A003-94003C62A18C}.Debug|x64.Build.0 = Debug|Any CPU
		{8D493C62-DA5D-405D-A003-94003C62A18C}.Debug|x86.ActiveCfg = Debug|Any CPU
		{8D493C62-DA5D-405D-A003-94003C62A18C}.Debug|x86.Build.0 = Debug|Any CPU
		{8D493C62-DA5D-405D-A003-94003C62A18C}.Release|Any CPU.ActiveCfg = Release|Any CPU
		{8D493C62-DA5D-405D-A003-94003C62A18C}.Release|Any CPU.Build.0 = Release|Any CPU
		{8D493C62-DA5D-405D-A003-94003C62A18C}.Release|ARM.ActiveCfg = Release|Any CPU
		{8D493C62-DA5D-405D-A003-94003C62A18C}.Release|ARM.Build.0 = Release|Any CPU
		{8D493C62-DA5D-405D-A003-94003C62A18C}.Release|ARM64.ActiveCfg = Release|Any CPU
		{8D493C62-DA5D-405D-A003-94003C62A18C}.Release|ARM64.Build.0 = Release|Any CPU
		{8D493C62-DA5D-405D-A003-94003C62A18C}.Release|x64.ActiveCfg = Release|Any CPU
		{8D493C62-DA5D-405D-A003-94003C62A18C}.Release|x64.Build.0 = Release|Any CPU
		{8D493C62-DA5D-405D-A003-94003C62A18C}.Release|x86.ActiveCfg = Release|Any CPU
		{8D493C62-DA5D-405D-A003-94003C62A18C}.Release|x86.Build.0 = Release|Any CPU
		{5FB7D74D-9D21-4253-A3AD-3559A176A392}.Debug|Any CPU.ActiveCfg = Debug|Any CPU
		{5FB7D74D-9D21-4253-A3AD-3559A176A392}.Debug|Any CPU.Build.0 = Debug|Any CPU
		{5FB7D74D-9D21-4253-A3AD-3559A176A392}.Debug|ARM.ActiveCfg = Debug|Any CPU
		{5FB7D74D-9D21-4253-A3AD-3559A176A392}.Debug|ARM.Build.0 = Debug|Any CPU
		{5FB7D74D-9D21-4253-A3AD-3559A176A392}.Debug|ARM64.ActiveCfg = Debug|Any CPU
		{5FB7D74D-9D21-4253-A3AD-3559A176A392}.Debug|ARM64.Build.0 = Debug|Any CPU
		{5FB7D74D-9D21-4253-A3AD-3559A176A392}.Debug|x64.ActiveCfg = Debug|Any CPU
		{5FB7D74D-9D21-4253-A3AD-3559A176A392}.Debug|x64.Build.0 = Debug|Any CPU
		{5FB7D74D-9D21-4253-A3AD-3559A176A392}.Debug|x86.ActiveCfg = Debug|Any CPU
		{5FB7D74D-9D21-4253-A3AD-3559A176A392}.Debug|x86.Build.0 = Debug|Any CPU
		{5FB7D74D-9D21-4253-A3AD-3559A176A392}.Release|Any CPU.ActiveCfg = Release|Any CPU
		{5FB7D74D-9D21-4253-A3AD-3559A176A392}.Release|Any CPU.Build.0 = Release|Any CPU
		{5FB7D74D-9D21-4253-A3AD-3559A176A392}.Release|ARM.ActiveCfg = Release|Any CPU
		{5FB7D74D-9D21-4253-A3AD-3559A176A392}.Release|ARM.Build.0 = Release|Any CPU
		{5FB7D74D-9D21-4253-A3AD-3559A176A392}.Release|ARM64.ActiveCfg = Release|Any CPU
		{5FB7D74D-9D21-4253-A3AD-3559A176A392}.Release|ARM64.Build.0 = Release|Any CPU
		{5FB7D74D-9D21-4253-A3AD-3559A176A392}.Release|x64.ActiveCfg = Release|Any CPU
		{5FB7D74D-9D21-4253-A3AD-3559A176A392}.Release|x64.Build.0 = Release|Any CPU
		{5FB7D74D-9D21-4253-A3AD-3559A176A392}.Release|x86.ActiveCfg = Release|Any CPU
		{5FB7D74D-9D21-4253-A3AD-3559A176A392}.Release|x86.Build.0 = Release|Any CPU
		{D90D46DE-3B6B-4034-8AFE-C2C8D834926B}.Debug|Any CPU.ActiveCfg = Debug|Any CPU
		{D90D46DE-3B6B-4034-8AFE-C2C8D834926B}.Debug|Any CPU.Build.0 = Debug|Any CPU
		{D90D46DE-3B6B-4034-8AFE-C2C8D834926B}.Debug|ARM.ActiveCfg = Debug|Any CPU
		{D90D46DE-3B6B-4034-8AFE-C2C8D834926B}.Debug|ARM.Build.0 = Debug|Any CPU
		{D90D46DE-3B6B-4034-8AFE-C2C8D834926B}.Debug|ARM64.ActiveCfg = Debug|Any CPU
		{D90D46DE-3B6B-4034-8AFE-C2C8D834926B}.Debug|ARM64.Build.0 = Debug|Any CPU
		{D90D46DE-3B6B-4034-8AFE-C2C8D834926B}.Debug|x64.ActiveCfg = Debug|Any CPU
		{D90D46DE-3B6B-4034-8AFE-C2C8D834926B}.Debug|x64.Build.0 = Debug|Any CPU
		{D90D46DE-3B6B-4034-8AFE-C2C8D834926B}.Debug|x86.ActiveCfg = Debug|Any CPU
		{D90D46DE-3B6B-4034-8AFE-C2C8D834926B}.Debug|x86.Build.0 = Debug|Any CPU
		{D90D46DE-3B6B-4034-8AFE-C2C8D834926B}.Release|Any CPU.ActiveCfg = Release|Any CPU
		{D90D46DE-3B6B-4034-8AFE-C2C8D834926B}.Release|Any CPU.Build.0 = Release|Any CPU
		{D90D46DE-3B6B-4034-8AFE-C2C8D834926B}.Release|ARM.ActiveCfg = Release|Any CPU
		{D90D46DE-3B6B-4034-8AFE-C2C8D834926B}.Release|ARM.Build.0 = Release|Any CPU
		{D90D46DE-3B6B-4034-8AFE-C2C8D834926B}.Release|ARM64.ActiveCfg = Release|Any CPU
		{D90D46DE-3B6B-4034-8AFE-C2C8D834926B}.Release|ARM64.Build.0 = Release|Any CPU
		{D90D46DE-3B6B-4034-8AFE-C2C8D834926B}.Release|x64.ActiveCfg = Release|Any CPU
		{D90D46DE-3B6B-4034-8AFE-C2C8D834926B}.Release|x64.Build.0 = Release|Any CPU
		{D90D46DE-3B6B-4034-8AFE-C2C8D834926B}.Release|x86.ActiveCfg = Release|Any CPU
		{D90D46DE-3B6B-4034-8AFE-C2C8D834926B}.Release|x86.Build.0 = Release|Any CPU
		{B5F188AA-67AA-4673-B207-42CF9E25AA0D}.Debug|Any CPU.ActiveCfg = Debug|Any CPU
		{B5F188AA-67AA-4673-B207-42CF9E25AA0D}.Debug|Any CPU.Build.0 = Debug|Any CPU
		{B5F188AA-67AA-4673-B207-42CF9E25AA0D}.Debug|ARM.ActiveCfg = Debug|Any CPU
		{B5F188AA-67AA-4673-B207-42CF9E25AA0D}.Debug|ARM.Build.0 = Debug|Any CPU
		{B5F188AA-67AA-4673-B207-42CF9E25AA0D}.Debug|ARM64.ActiveCfg = Debug|Any CPU
		{B5F188AA-67AA-4673-B207-42CF9E25AA0D}.Debug|ARM64.Build.0 = Debug|Any CPU
		{B5F188AA-67AA-4673-B207-42CF9E25AA0D}.Debug|x64.ActiveCfg = Debug|Any CPU
		{B5F188AA-67AA-4673-B207-42CF9E25AA0D}.Debug|x64.Build.0 = Debug|Any CPU
		{B5F188AA-67AA-4673-B207-42CF9E25AA0D}.Debug|x86.ActiveCfg = Debug|Any CPU
		{B5F188AA-67AA-4673-B207-42CF9E25AA0D}.Debug|x86.Build.0 = Debug|Any CPU
		{B5F188AA-67AA-4673-B207-42CF9E25AA0D}.Release|Any CPU.ActiveCfg = Release|Any CPU
		{B5F188AA-67AA-4673-B207-42CF9E25AA0D}.Release|Any CPU.Build.0 = Release|Any CPU
		{B5F188AA-67AA-4673-B207-42CF9E25AA0D}.Release|ARM.ActiveCfg = Release|Any CPU
		{B5F188AA-67AA-4673-B207-42CF9E25AA0D}.Release|ARM.Build.0 = Release|Any CPU
		{B5F188AA-67AA-4673-B207-42CF9E25AA0D}.Release|ARM64.ActiveCfg = Release|Any CPU
		{B5F188AA-67AA-4673-B207-42CF9E25AA0D}.Release|ARM64.Build.0 = Release|Any CPU
		{B5F188AA-67AA-4673-B207-42CF9E25AA0D}.Release|x64.ActiveCfg = Release|Any CPU
		{B5F188AA-67AA-4673-B207-42CF9E25AA0D}.Release|x64.Build.0 = Release|Any CPU
		{B5F188AA-67AA-4673-B207-42CF9E25AA0D}.Release|x86.ActiveCfg = Release|Any CPU
		{B5F188AA-67AA-4673-B207-42CF9E25AA0D}.Release|x86.Build.0 = Release|Any CPU
		{040EF2DA-C71F-4332-B1BE-E2DE88091CBC}.Debug|Any CPU.ActiveCfg = Debug|Any CPU
		{040EF2DA-C71F-4332-B1BE-E2DE88091CBC}.Debug|Any CPU.Build.0 = Debug|Any CPU
		{040EF2DA-C71F-4332-B1BE-E2DE88091CBC}.Debug|ARM.ActiveCfg = Debug|Any CPU
		{040EF2DA-C71F-4332-B1BE-E2DE88091CBC}.Debug|ARM.Build.0 = Debug|Any CPU
		{040EF2DA-C71F-4332-B1BE-E2DE88091CBC}.Debug|ARM64.ActiveCfg = Debug|Any CPU
		{040EF2DA-C71F-4332-B1BE-E2DE88091CBC}.Debug|ARM64.Build.0 = Debug|Any CPU
		{040EF2DA-C71F-4332-B1BE-E2DE88091CBC}.Debug|x64.ActiveCfg = Debug|Any CPU
		{040EF2DA-C71F-4332-B1BE-E2DE88091CBC}.Debug|x64.Build.0 = Debug|Any CPU
		{040EF2DA-C71F-4332-B1BE-E2DE88091CBC}.Debug|x86.ActiveCfg = Debug|Any CPU
		{040EF2DA-C71F-4332-B1BE-E2DE88091CBC}.Debug|x86.Build.0 = Debug|Any CPU
		{040EF2DA-C71F-4332-B1BE-E2DE88091CBC}.Release|Any CPU.ActiveCfg = Release|Any CPU
		{040EF2DA-C71F-4332-B1BE-E2DE88091CBC}.Release|Any CPU.Build.0 = Release|Any CPU
		{040EF2DA-C71F-4332-B1BE-E2DE88091CBC}.Release|ARM.ActiveCfg = Release|Any CPU
		{040EF2DA-C71F-4332-B1BE-E2DE88091CBC}.Release|ARM.Build.0 = Release|Any CPU
		{040EF2DA-C71F-4332-B1BE-E2DE88091CBC}.Release|ARM64.ActiveCfg = Release|Any CPU
		{040EF2DA-C71F-4332-B1BE-E2DE88091CBC}.Release|ARM64.Build.0 = Release|Any CPU
		{040EF2DA-C71F-4332-B1BE-E2DE88091CBC}.Release|x64.ActiveCfg = Release|Any CPU
		{040EF2DA-C71F-4332-B1BE-E2DE88091CBC}.Release|x64.Build.0 = Release|Any CPU
		{040EF2DA-C71F-4332-B1BE-E2DE88091CBC}.Release|x86.ActiveCfg = Release|Any CPU
		{040EF2DA-C71F-4332-B1BE-E2DE88091CBC}.Release|x86.Build.0 = Release|Any CPU
		{4E4F986E-11A9-4ACA-B357-817007C68B08}.Debug|Any CPU.ActiveCfg = Debug|Any CPU
		{4E4F986E-11A9-4ACA-B357-817007C68B08}.Debug|Any CPU.Build.0 = Debug|Any CPU
		{4E4F986E-11A9-4ACA-B357-817007C68B08}.Debug|ARM.ActiveCfg = Debug|Any CPU
		{4E4F986E-11A9-4ACA-B357-817007C68B08}.Debug|ARM.Build.0 = Debug|Any CPU
		{4E4F986E-11A9-4ACA-B357-817007C68B08}.Debug|ARM64.ActiveCfg = Debug|Any CPU
		{4E4F986E-11A9-4ACA-B357-817007C68B08}.Debug|ARM64.Build.0 = Debug|Any CPU
		{4E4F986E-11A9-4ACA-B357-817007C68B08}.Debug|x64.ActiveCfg = Debug|Any CPU
		{4E4F986E-11A9-4ACA-B357-817007C68B08}.Debug|x64.Build.0 = Debug|Any CPU
		{4E4F986E-11A9-4ACA-B357-817007C68B08}.Debug|x86.ActiveCfg = Debug|Any CPU
		{4E4F986E-11A9-4ACA-B357-817007C68B08}.Debug|x86.Build.0 = Debug|Any CPU
		{4E4F986E-11A9-4ACA-B357-817007C68B08}.Release|Any CPU.ActiveCfg = Release|Any CPU
		{4E4F986E-11A9-4ACA-B357-817007C68B08}.Release|Any CPU.Build.0 = Release|Any CPU
		{4E4F986E-11A9-4ACA-B357-817007C68B08}.Release|ARM.ActiveCfg = Release|Any CPU
		{4E4F986E-11A9-4ACA-B357-817007C68B08}.Release|ARM.Build.0 = Release|Any CPU
		{4E4F986E-11A9-4ACA-B357-817007C68B08}.Release|ARM64.ActiveCfg = Release|Any CPU
		{4E4F986E-11A9-4ACA-B357-817007C68B08}.Release|ARM64.Build.0 = Release|Any CPU
		{4E4F986E-11A9-4ACA-B357-817007C68B08}.Release|x64.ActiveCfg = Release|Any CPU
		{4E4F986E-11A9-4ACA-B357-817007C68B08}.Release|x64.Build.0 = Release|Any CPU
		{4E4F986E-11A9-4ACA-B357-817007C68B08}.Release|x86.ActiveCfg = Release|Any CPU
		{4E4F986E-11A9-4ACA-B357-817007C68B08}.Release|x86.Build.0 = Release|Any CPU
		{BC6F7996-78CB-4698-969F-115D20F02501}.Debug|Any CPU.ActiveCfg = Debug|Any CPU
		{BC6F7996-78CB-4698-969F-115D20F02501}.Debug|Any CPU.Build.0 = Debug|Any CPU
		{BC6F7996-78CB-4698-969F-115D20F02501}.Debug|ARM.ActiveCfg = Debug|Any CPU
		{BC6F7996-78CB-4698-969F-115D20F02501}.Debug|ARM.Build.0 = Debug|Any CPU
		{BC6F7996-78CB-4698-969F-115D20F02501}.Debug|ARM64.ActiveCfg = Debug|Any CPU
		{BC6F7996-78CB-4698-969F-115D20F02501}.Debug|ARM64.Build.0 = Debug|Any CPU
		{BC6F7996-78CB-4698-969F-115D20F02501}.Debug|x64.ActiveCfg = Debug|Any CPU
		{BC6F7996-78CB-4698-969F-115D20F02501}.Debug|x64.Build.0 = Debug|Any CPU
		{BC6F7996-78CB-4698-969F-115D20F02501}.Debug|x86.ActiveCfg = Debug|Any CPU
		{BC6F7996-78CB-4698-969F-115D20F02501}.Debug|x86.Build.0 = Debug|Any CPU
		{BC6F7996-78CB-4698-969F-115D20F02501}.Release|Any CPU.ActiveCfg = Release|Any CPU
		{BC6F7996-78CB-4698-969F-115D20F02501}.Release|Any CPU.Build.0 = Release|Any CPU
		{BC6F7996-78CB-4698-969F-115D20F02501}.Release|ARM.ActiveCfg = Release|Any CPU
		{BC6F7996-78CB-4698-969F-115D20F02501}.Release|ARM.Build.0 = Release|Any CPU
		{BC6F7996-78CB-4698-969F-115D20F02501}.Release|ARM64.ActiveCfg = Release|Any CPU
		{BC6F7996-78CB-4698-969F-115D20F02501}.Release|ARM64.Build.0 = Release|Any CPU
		{BC6F7996-78CB-4698-969F-115D20F02501}.Release|x64.ActiveCfg = Release|Any CPU
		{BC6F7996-78CB-4698-969F-115D20F02501}.Release|x64.Build.0 = Release|Any CPU
		{BC6F7996-78CB-4698-969F-115D20F02501}.Release|x86.ActiveCfg = Release|Any CPU
		{BC6F7996-78CB-4698-969F-115D20F02501}.Release|x86.Build.0 = Release|Any CPU
		{4EC10570-CDC9-406F-B5B3-4CA31AA3293D}.Debug|Any CPU.ActiveCfg = Debug|Any CPU
		{4EC10570-CDC9-406F-B5B3-4CA31AA3293D}.Debug|Any CPU.Build.0 = Debug|Any CPU
		{4EC10570-CDC9-406F-B5B3-4CA31AA3293D}.Debug|ARM.ActiveCfg = Debug|Any CPU
		{4EC10570-CDC9-406F-B5B3-4CA31AA3293D}.Debug|ARM.Build.0 = Debug|Any CPU
		{4EC10570-CDC9-406F-B5B3-4CA31AA3293D}.Debug|ARM64.ActiveCfg = Debug|Any CPU
		{4EC10570-CDC9-406F-B5B3-4CA31AA3293D}.Debug|ARM64.Build.0 = Debug|Any CPU
		{4EC10570-CDC9-406F-B5B3-4CA31AA3293D}.Debug|x64.ActiveCfg = Debug|Any CPU
		{4EC10570-CDC9-406F-B5B3-4CA31AA3293D}.Debug|x64.Build.0 = Debug|Any CPU
		{4EC10570-CDC9-406F-B5B3-4CA31AA3293D}.Debug|x86.ActiveCfg = Debug|Any CPU
		{4EC10570-CDC9-406F-B5B3-4CA31AA3293D}.Debug|x86.Build.0 = Debug|Any CPU
		{4EC10570-CDC9-406F-B5B3-4CA31AA3293D}.Release|Any CPU.ActiveCfg = Release|Any CPU
		{4EC10570-CDC9-406F-B5B3-4CA31AA3293D}.Release|Any CPU.Build.0 = Release|Any CPU
		{4EC10570-CDC9-406F-B5B3-4CA31AA3293D}.Release|ARM.ActiveCfg = Release|Any CPU
		{4EC10570-CDC9-406F-B5B3-4CA31AA3293D}.Release|ARM.Build.0 = Release|Any CPU
		{4EC10570-CDC9-406F-B5B3-4CA31AA3293D}.Release|ARM64.ActiveCfg = Release|Any CPU
		{4EC10570-CDC9-406F-B5B3-4CA31AA3293D}.Release|ARM64.Build.0 = Release|Any CPU
		{4EC10570-CDC9-406F-B5B3-4CA31AA3293D}.Release|x64.ActiveCfg = Release|Any CPU
		{4EC10570-CDC9-406F-B5B3-4CA31AA3293D}.Release|x64.Build.0 = Release|Any CPU
		{4EC10570-CDC9-406F-B5B3-4CA31AA3293D}.Release|x86.ActiveCfg = Release|Any CPU
		{4EC10570-CDC9-406F-B5B3-4CA31AA3293D}.Release|x86.Build.0 = Release|Any CPU
		{E835F508-10A4-4669-BAF2-5B6CE08CB978}.Debug|Any CPU.ActiveCfg = Debug|Any CPU
		{E835F508-10A4-4669-BAF2-5B6CE08CB978}.Debug|Any CPU.Build.0 = Debug|Any CPU
		{E835F508-10A4-4669-BAF2-5B6CE08CB978}.Debug|ARM.ActiveCfg = Debug|Any CPU
		{E835F508-10A4-4669-BAF2-5B6CE08CB978}.Debug|ARM.Build.0 = Debug|Any CPU
		{E835F508-10A4-4669-BAF2-5B6CE08CB978}.Debug|ARM64.ActiveCfg = Debug|Any CPU
		{E835F508-10A4-4669-BAF2-5B6CE08CB978}.Debug|ARM64.Build.0 = Debug|Any CPU
		{E835F508-10A4-4669-BAF2-5B6CE08CB978}.Debug|x64.ActiveCfg = Debug|Any CPU
		{E835F508-10A4-4669-BAF2-5B6CE08CB978}.Debug|x64.Build.0 = Debug|Any CPU
		{E835F508-10A4-4669-BAF2-5B6CE08CB978}.Debug|x86.ActiveCfg = Debug|Any CPU
		{E835F508-10A4-4669-BAF2-5B6CE08CB978}.Debug|x86.Build.0 = Debug|Any CPU
		{E835F508-10A4-4669-BAF2-5B6CE08CB978}.Release|Any CPU.ActiveCfg = Release|Any CPU
		{E835F508-10A4-4669-BAF2-5B6CE08CB978}.Release|Any CPU.Build.0 = Release|Any CPU
		{E835F508-10A4-4669-BAF2-5B6CE08CB978}.Release|ARM.ActiveCfg = Release|Any CPU
		{E835F508-10A4-4669-BAF2-5B6CE08CB978}.Release|ARM.Build.0 = Release|Any CPU
		{E835F508-10A4-4669-BAF2-5B6CE08CB978}.Release|ARM64.ActiveCfg = Release|Any CPU
		{E835F508-10A4-4669-BAF2-5B6CE08CB978}.Release|ARM64.Build.0 = Release|Any CPU
		{E835F508-10A4-4669-BAF2-5B6CE08CB978}.Release|x64.ActiveCfg = Release|Any CPU
		{E835F508-10A4-4669-BAF2-5B6CE08CB978}.Release|x64.Build.0 = Release|Any CPU
		{E835F508-10A4-4669-BAF2-5B6CE08CB978}.Release|x86.ActiveCfg = Release|Any CPU
		{E835F508-10A4-4669-BAF2-5B6CE08CB978}.Release|x86.Build.0 = Release|Any CPU
		{873E4E62-7615-4489-8DE6-C139824FF837}.Debug|Any CPU.ActiveCfg = Debug|Any CPU
		{873E4E62-7615-4489-8DE6-C139824FF837}.Debug|Any CPU.Build.0 = Debug|Any CPU
		{873E4E62-7615-4489-8DE6-C139824FF837}.Debug|ARM.ActiveCfg = Debug|Any CPU
		{873E4E62-7615-4489-8DE6-C139824FF837}.Debug|ARM.Build.0 = Debug|Any CPU
		{873E4E62-7615-4489-8DE6-C139824FF837}.Debug|ARM64.ActiveCfg = Debug|Any CPU
		{873E4E62-7615-4489-8DE6-C139824FF837}.Debug|ARM64.Build.0 = Debug|Any CPU
		{873E4E62-7615-4489-8DE6-C139824FF837}.Debug|x64.ActiveCfg = Debug|Any CPU
		{873E4E62-7615-4489-8DE6-C139824FF837}.Debug|x64.Build.0 = Debug|Any CPU
		{873E4E62-7615-4489-8DE6-C139824FF837}.Debug|x86.ActiveCfg = Debug|Any CPU
		{873E4E62-7615-4489-8DE6-C139824FF837}.Debug|x86.Build.0 = Debug|Any CPU
		{873E4E62-7615-4489-8DE6-C139824FF837}.Release|Any CPU.ActiveCfg = Release|Any CPU
		{873E4E62-7615-4489-8DE6-C139824FF837}.Release|Any CPU.Build.0 = Release|Any CPU
		{873E4E62-7615-4489-8DE6-C139824FF837}.Release|ARM.ActiveCfg = Release|Any CPU
		{873E4E62-7615-4489-8DE6-C139824FF837}.Release|ARM.Build.0 = Release|Any CPU
		{873E4E62-7615-4489-8DE6-C139824FF837}.Release|ARM64.ActiveCfg = Release|Any CPU
		{873E4E62-7615-4489-8DE6-C139824FF837}.Release|ARM64.Build.0 = Release|Any CPU
		{873E4E62-7615-4489-8DE6-C139824FF837}.Release|x64.ActiveCfg = Release|Any CPU
		{873E4E62-7615-4489-8DE6-C139824FF837}.Release|x64.Build.0 = Release|Any CPU
		{873E4E62-7615-4489-8DE6-C139824FF837}.Release|x86.ActiveCfg = Release|Any CPU
		{873E4E62-7615-4489-8DE6-C139824FF837}.Release|x86.Build.0 = Release|Any CPU
		{E28120DC-E203-47DD-95B7-8B1E4CC86DF9}.Debug|Any CPU.ActiveCfg = Debug|Any CPU
		{E28120DC-E203-47DD-95B7-8B1E4CC86DF9}.Debug|Any CPU.Build.0 = Debug|Any CPU
		{E28120DC-E203-47DD-95B7-8B1E4CC86DF9}.Debug|ARM.ActiveCfg = Debug|Any CPU
		{E28120DC-E203-47DD-95B7-8B1E4CC86DF9}.Debug|ARM.Build.0 = Debug|Any CPU
		{E28120DC-E203-47DD-95B7-8B1E4CC86DF9}.Debug|ARM64.ActiveCfg = Debug|Any CPU
		{E28120DC-E203-47DD-95B7-8B1E4CC86DF9}.Debug|ARM64.Build.0 = Debug|Any CPU
		{E28120DC-E203-47DD-95B7-8B1E4CC86DF9}.Debug|x64.ActiveCfg = Debug|Any CPU
		{E28120DC-E203-47DD-95B7-8B1E4CC86DF9}.Debug|x64.Build.0 = Debug|Any CPU
		{E28120DC-E203-47DD-95B7-8B1E4CC86DF9}.Debug|x86.ActiveCfg = Debug|Any CPU
		{E28120DC-E203-47DD-95B7-8B1E4CC86DF9}.Debug|x86.Build.0 = Debug|Any CPU
		{E28120DC-E203-47DD-95B7-8B1E4CC86DF9}.Release|Any CPU.ActiveCfg = Release|Any CPU
		{E28120DC-E203-47DD-95B7-8B1E4CC86DF9}.Release|Any CPU.Build.0 = Release|Any CPU
		{E28120DC-E203-47DD-95B7-8B1E4CC86DF9}.Release|ARM.ActiveCfg = Release|Any CPU
		{E28120DC-E203-47DD-95B7-8B1E4CC86DF9}.Release|ARM.Build.0 = Release|Any CPU
		{E28120DC-E203-47DD-95B7-8B1E4CC86DF9}.Release|ARM64.ActiveCfg = Release|Any CPU
		{E28120DC-E203-47DD-95B7-8B1E4CC86DF9}.Release|ARM64.Build.0 = Release|Any CPU
		{E28120DC-E203-47DD-95B7-8B1E4CC86DF9}.Release|x64.ActiveCfg = Release|Any CPU
		{E28120DC-E203-47DD-95B7-8B1E4CC86DF9}.Release|x64.Build.0 = Release|Any CPU
		{E28120DC-E203-47DD-95B7-8B1E4CC86DF9}.Release|x86.ActiveCfg = Release|Any CPU
		{E28120DC-E203-47DD-95B7-8B1E4CC86DF9}.Release|x86.Build.0 = Release|Any CPU
		{12E75A7B-15CA-42D3-895B-C78CB3A26DAD}.Debug|Any CPU.ActiveCfg = Debug|Any CPU
		{12E75A7B-15CA-42D3-895B-C78CB3A26DAD}.Debug|Any CPU.Build.0 = Debug|Any CPU
		{12E75A7B-15CA-42D3-895B-C78CB3A26DAD}.Debug|ARM.ActiveCfg = Debug|Any CPU
		{12E75A7B-15CA-42D3-895B-C78CB3A26DAD}.Debug|ARM.Build.0 = Debug|Any CPU
		{12E75A7B-15CA-42D3-895B-C78CB3A26DAD}.Debug|ARM64.ActiveCfg = Debug|Any CPU
		{12E75A7B-15CA-42D3-895B-C78CB3A26DAD}.Debug|ARM64.Build.0 = Debug|Any CPU
		{12E75A7B-15CA-42D3-895B-C78CB3A26DAD}.Debug|x64.ActiveCfg = Debug|Any CPU
		{12E75A7B-15CA-42D3-895B-C78CB3A26DAD}.Debug|x64.Build.0 = Debug|Any CPU
		{12E75A7B-15CA-42D3-895B-C78CB3A26DAD}.Debug|x86.ActiveCfg = Debug|Any CPU
		{12E75A7B-15CA-42D3-895B-C78CB3A26DAD}.Debug|x86.Build.0 = Debug|Any CPU
		{12E75A7B-15CA-42D3-895B-C78CB3A26DAD}.Release|Any CPU.ActiveCfg = Release|Any CPU
		{12E75A7B-15CA-42D3-895B-C78CB3A26DAD}.Release|Any CPU.Build.0 = Release|Any CPU
		{12E75A7B-15CA-42D3-895B-C78CB3A26DAD}.Release|ARM.ActiveCfg = Release|Any CPU
		{12E75A7B-15CA-42D3-895B-C78CB3A26DAD}.Release|ARM.Build.0 = Release|Any CPU
		{12E75A7B-15CA-42D3-895B-C78CB3A26DAD}.Release|ARM64.ActiveCfg = Release|Any CPU
		{12E75A7B-15CA-42D3-895B-C78CB3A26DAD}.Release|ARM64.Build.0 = Release|Any CPU
		{12E75A7B-15CA-42D3-895B-C78CB3A26DAD}.Release|x64.ActiveCfg = Release|Any CPU
		{12E75A7B-15CA-42D3-895B-C78CB3A26DAD}.Release|x64.Build.0 = Release|Any CPU
		{12E75A7B-15CA-42D3-895B-C78CB3A26DAD}.Release|x86.ActiveCfg = Release|Any CPU
		{12E75A7B-15CA-42D3-895B-C78CB3A26DAD}.Release|x86.Build.0 = Release|Any CPU
		{587EA506-DFE6-422F-8584-DEEAFE67AD55}.Debug|Any CPU.ActiveCfg = Debug|Any CPU
		{587EA506-DFE6-422F-8584-DEEAFE67AD55}.Debug|Any CPU.Build.0 = Debug|Any CPU
		{587EA506-DFE6-422F-8584-DEEAFE67AD55}.Debug|ARM.ActiveCfg = Debug|Any CPU
		{587EA506-DFE6-422F-8584-DEEAFE67AD55}.Debug|ARM.Build.0 = Debug|Any CPU
		{587EA506-DFE6-422F-8584-DEEAFE67AD55}.Debug|ARM64.ActiveCfg = Debug|Any CPU
		{587EA506-DFE6-422F-8584-DEEAFE67AD55}.Debug|ARM64.Build.0 = Debug|Any CPU
		{587EA506-DFE6-422F-8584-DEEAFE67AD55}.Debug|x64.ActiveCfg = Debug|Any CPU
		{587EA506-DFE6-422F-8584-DEEAFE67AD55}.Debug|x64.Build.0 = Debug|Any CPU
		{587EA506-DFE6-422F-8584-DEEAFE67AD55}.Debug|x86.ActiveCfg = Debug|Any CPU
		{587EA506-DFE6-422F-8584-DEEAFE67AD55}.Debug|x86.Build.0 = Debug|Any CPU
		{587EA506-DFE6-422F-8584-DEEAFE67AD55}.Release|Any CPU.ActiveCfg = Release|Any CPU
		{587EA506-DFE6-422F-8584-DEEAFE67AD55}.Release|Any CPU.Build.0 = Release|Any CPU
		{587EA506-DFE6-422F-8584-DEEAFE67AD55}.Release|ARM.ActiveCfg = Release|Any CPU
		{587EA506-DFE6-422F-8584-DEEAFE67AD55}.Release|ARM.Build.0 = Release|Any CPU
		{587EA506-DFE6-422F-8584-DEEAFE67AD55}.Release|ARM64.ActiveCfg = Release|Any CPU
		{587EA506-DFE6-422F-8584-DEEAFE67AD55}.Release|ARM64.Build.0 = Release|Any CPU
		{587EA506-DFE6-422F-8584-DEEAFE67AD55}.Release|x64.ActiveCfg = Release|Any CPU
		{587EA506-DFE6-422F-8584-DEEAFE67AD55}.Release|x64.Build.0 = Release|Any CPU
		{587EA506-DFE6-422F-8584-DEEAFE67AD55}.Release|x86.ActiveCfg = Release|Any CPU
		{587EA506-DFE6-422F-8584-DEEAFE67AD55}.Release|x86.Build.0 = Release|Any CPU
		{9D74C28A-BDEB-46A7-B65E-3E717C2515AC}.Debug|Any CPU.ActiveCfg = Debug|Any CPU
		{9D74C28A-BDEB-46A7-B65E-3E717C2515AC}.Debug|Any CPU.Build.0 = Debug|Any CPU
		{9D74C28A-BDEB-46A7-B65E-3E717C2515AC}.Debug|ARM.ActiveCfg = Debug|Any CPU
		{9D74C28A-BDEB-46A7-B65E-3E717C2515AC}.Debug|ARM.Build.0 = Debug|Any CPU
		{9D74C28A-BDEB-46A7-B65E-3E717C2515AC}.Debug|ARM64.ActiveCfg = Debug|Any CPU
		{9D74C28A-BDEB-46A7-B65E-3E717C2515AC}.Debug|ARM64.Build.0 = Debug|Any CPU
		{9D74C28A-BDEB-46A7-B65E-3E717C2515AC}.Debug|x64.ActiveCfg = Debug|Any CPU
		{9D74C28A-BDEB-46A7-B65E-3E717C2515AC}.Debug|x64.Build.0 = Debug|Any CPU
		{9D74C28A-BDEB-46A7-B65E-3E717C2515AC}.Debug|x86.ActiveCfg = Debug|Any CPU
		{9D74C28A-BDEB-46A7-B65E-3E717C2515AC}.Debug|x86.Build.0 = Debug|Any CPU
		{9D74C28A-BDEB-46A7-B65E-3E717C2515AC}.Release|Any CPU.ActiveCfg = Release|Any CPU
		{9D74C28A-BDEB-46A7-B65E-3E717C2515AC}.Release|Any CPU.Build.0 = Release|Any CPU
		{9D74C28A-BDEB-46A7-B65E-3E717C2515AC}.Release|ARM.ActiveCfg = Release|Any CPU
		{9D74C28A-BDEB-46A7-B65E-3E717C2515AC}.Release|ARM.Build.0 = Release|Any CPU
		{9D74C28A-BDEB-46A7-B65E-3E717C2515AC}.Release|ARM64.ActiveCfg = Release|Any CPU
		{9D74C28A-BDEB-46A7-B65E-3E717C2515AC}.Release|ARM64.Build.0 = Release|Any CPU
		{9D74C28A-BDEB-46A7-B65E-3E717C2515AC}.Release|x64.ActiveCfg = Release|Any CPU
		{9D74C28A-BDEB-46A7-B65E-3E717C2515AC}.Release|x64.Build.0 = Release|Any CPU
		{9D74C28A-BDEB-46A7-B65E-3E717C2515AC}.Release|x86.ActiveCfg = Release|Any CPU
		{9D74C28A-BDEB-46A7-B65E-3E717C2515AC}.Release|x86.Build.0 = Release|Any CPU
		{144D84AA-388B-4F57-A109-42BBA5F7DBC1}.Debug|Any CPU.ActiveCfg = Debug|Any CPU
		{144D84AA-388B-4F57-A109-42BBA5F7DBC1}.Debug|Any CPU.Build.0 = Debug|Any CPU
		{144D84AA-388B-4F57-A109-42BBA5F7DBC1}.Debug|ARM.ActiveCfg = Debug|Any CPU
		{144D84AA-388B-4F57-A109-42BBA5F7DBC1}.Debug|ARM.Build.0 = Debug|Any CPU
		{144D84AA-388B-4F57-A109-42BBA5F7DBC1}.Debug|ARM64.ActiveCfg = Debug|Any CPU
		{144D84AA-388B-4F57-A109-42BBA5F7DBC1}.Debug|ARM64.Build.0 = Debug|Any CPU
		{144D84AA-388B-4F57-A109-42BBA5F7DBC1}.Debug|x64.ActiveCfg = Debug|Any CPU
		{144D84AA-388B-4F57-A109-42BBA5F7DBC1}.Debug|x64.Build.0 = Debug|Any CPU
		{144D84AA-388B-4F57-A109-42BBA5F7DBC1}.Debug|x86.ActiveCfg = Debug|Any CPU
		{144D84AA-388B-4F57-A109-42BBA5F7DBC1}.Debug|x86.Build.0 = Debug|Any CPU
		{144D84AA-388B-4F57-A109-42BBA5F7DBC1}.Release|Any CPU.ActiveCfg = Release|Any CPU
		{144D84AA-388B-4F57-A109-42BBA5F7DBC1}.Release|Any CPU.Build.0 = Release|Any CPU
		{144D84AA-388B-4F57-A109-42BBA5F7DBC1}.Release|ARM.ActiveCfg = Release|Any CPU
		{144D84AA-388B-4F57-A109-42BBA5F7DBC1}.Release|ARM.Build.0 = Release|Any CPU
		{144D84AA-388B-4F57-A109-42BBA5F7DBC1}.Release|ARM64.ActiveCfg = Release|Any CPU
		{144D84AA-388B-4F57-A109-42BBA5F7DBC1}.Release|ARM64.Build.0 = Release|Any CPU
		{144D84AA-388B-4F57-A109-42BBA5F7DBC1}.Release|x64.ActiveCfg = Release|Any CPU
		{144D84AA-388B-4F57-A109-42BBA5F7DBC1}.Release|x64.Build.0 = Release|Any CPU
		{144D84AA-388B-4F57-A109-42BBA5F7DBC1}.Release|x86.ActiveCfg = Release|Any CPU
		{144D84AA-388B-4F57-A109-42BBA5F7DBC1}.Release|x86.Build.0 = Release|Any CPU
		{372E1EE6-A77F-403C-8F83-52418C2247E4}.Debug|Any CPU.ActiveCfg = Debug|Any CPU
		{372E1EE6-A77F-403C-8F83-52418C2247E4}.Debug|Any CPU.Build.0 = Debug|Any CPU
		{372E1EE6-A77F-403C-8F83-52418C2247E4}.Debug|ARM.ActiveCfg = Debug|Any CPU
		{372E1EE6-A77F-403C-8F83-52418C2247E4}.Debug|ARM.Build.0 = Debug|Any CPU
		{372E1EE6-A77F-403C-8F83-52418C2247E4}.Debug|ARM64.ActiveCfg = Debug|Any CPU
		{372E1EE6-A77F-403C-8F83-52418C2247E4}.Debug|ARM64.Build.0 = Debug|Any CPU
		{372E1EE6-A77F-403C-8F83-52418C2247E4}.Debug|x64.ActiveCfg = Debug|Any CPU
		{372E1EE6-A77F-403C-8F83-52418C2247E4}.Debug|x64.Build.0 = Debug|Any CPU
		{372E1EE6-A77F-403C-8F83-52418C2247E4}.Debug|x86.ActiveCfg = Debug|Any CPU
		{372E1EE6-A77F-403C-8F83-52418C2247E4}.Debug|x86.Build.0 = Debug|Any CPU
		{372E1EE6-A77F-403C-8F83-52418C2247E4}.Release|Any CPU.ActiveCfg = Release|Any CPU
		{372E1EE6-A77F-403C-8F83-52418C2247E4}.Release|Any CPU.Build.0 = Release|Any CPU
		{372E1EE6-A77F-403C-8F83-52418C2247E4}.Release|ARM.ActiveCfg = Release|Any CPU
		{372E1EE6-A77F-403C-8F83-52418C2247E4}.Release|ARM.Build.0 = Release|Any CPU
		{372E1EE6-A77F-403C-8F83-52418C2247E4}.Release|ARM64.ActiveCfg = Release|Any CPU
		{372E1EE6-A77F-403C-8F83-52418C2247E4}.Release|ARM64.Build.0 = Release|Any CPU
		{372E1EE6-A77F-403C-8F83-52418C2247E4}.Release|x64.ActiveCfg = Release|Any CPU
		{372E1EE6-A77F-403C-8F83-52418C2247E4}.Release|x64.Build.0 = Release|Any CPU
		{372E1EE6-A77F-403C-8F83-52418C2247E4}.Release|x86.ActiveCfg = Release|Any CPU
		{372E1EE6-A77F-403C-8F83-52418C2247E4}.Release|x86.Build.0 = Release|Any CPU
	EndGlobalSection
	GlobalSection(SolutionProperties) = preSolution
		HideSolutionNode = FALSE
	EndGlobalSection
	GlobalSection(NestedProjects) = preSolution
		{8D493C62-DA5D-405D-A003-94003C62A18C} = {44E789FC-59E3-48DF-84B6-876EBB085A54}
		{5FB7D74D-9D21-4253-A3AD-3559A176A392} = {44E789FC-59E3-48DF-84B6-876EBB085A54}
		{D90D46DE-3B6B-4034-8AFE-C2C8D834926B} = {44E789FC-59E3-48DF-84B6-876EBB085A54}
		{B5F188AA-67AA-4673-B207-42CF9E25AA0D} = {44E789FC-59E3-48DF-84B6-876EBB085A54}
		{040EF2DA-C71F-4332-B1BE-E2DE88091CBC} = {44E789FC-59E3-48DF-84B6-876EBB085A54}
		{4E4F986E-11A9-4ACA-B357-817007C68B08} = {44E789FC-59E3-48DF-84B6-876EBB085A54}
		{BC6F7996-78CB-4698-969F-115D20F02501} = {44E789FC-59E3-48DF-84B6-876EBB085A54}
		{4EC10570-CDC9-406F-B5B3-4CA31AA3293D} = {44E789FC-59E3-48DF-84B6-876EBB085A54}
		{E835F508-10A4-4669-BAF2-5B6CE08CB978} = {44E789FC-59E3-48DF-84B6-876EBB085A54}
		{873E4E62-7615-4489-8DE6-C139824FF837} = {44E789FC-59E3-48DF-84B6-876EBB085A54}
		{E28120DC-E203-47DD-95B7-8B1E4CC86DF9} = {44E789FC-59E3-48DF-84B6-876EBB085A54}
		{12E75A7B-15CA-42D3-895B-C78CB3A26DAD} = {44E789FC-59E3-48DF-84B6-876EBB085A54}
		{587EA506-DFE6-422F-8584-DEEAFE67AD55} = {44E789FC-59E3-48DF-84B6-876EBB085A54}
		{AFAB77A6-30DD-437F-9FEB-0B9D5AE34BE2} = {44E789FC-59E3-48DF-84B6-876EBB085A54}
		{9D74C28A-BDEB-46A7-B65E-3E717C2515AC} = {AFAB77A6-30DD-437F-9FEB-0B9D5AE34BE2}
		{144D84AA-388B-4F57-A109-42BBA5F7DBC1} = {AFAB77A6-30DD-437F-9FEB-0B9D5AE34BE2}
		{372E1EE6-A77F-403C-8F83-52418C2247E4} = {44E789FC-59E3-48DF-84B6-876EBB085A54}
	EndGlobalSection
	GlobalSection(ExtensibilityGlobals) = postSolution
		SolutionGuid = {65ED40F5-2711-45B7-982E-C24C189D0611}
	EndGlobalSection
EndGlobal
